
Microsoft Visual Studio Solution File, Format Version 12.00
# Visual Studio Version 17
VisualStudioVersion = 17.6.33723.286
MinimumVisualStudioVersion = 10.0.40219.1
Project("{FAE04EC0-301F-11D3-BF4B-00C04F79EFBC}") = "Writing_Txt_To_A_File_Assignment", "Writing_Txt_To_A_File_Assignment.csproj", "{40C7341E-BB5E-434B-B349-A253027EB96C}"
EndProject
Global
	GlobalSection(SolutionConfigurationPlatforms) = preSolution
		Debug|Any CPU = Debug|Any CPU
		Release|Any CPU = Release|Any CPU
	EndGlobalSection
	GlobalSection(ProjectConfigurationPlatforms) = postSolution
		{40C7341E-BB5E-434B-B349-A253027EB96C}.Debug|Any CPU.ActiveCfg = Debug|Any CPU
		{40C7341E-BB5E-434B-B349-A253027EB96C}.Debug|Any CPU.Build.0 = Debug|Any CPU
		{40C7341E-BB5E-434B-B349-A253027EB96C}.Release|Any CPU.ActiveCfg = Release|Any CPU
		{40C7341E-BB5E-434B-B349-A253027EB96C}.Release|Any CPU.Build.0 = Release|Any CPU
	EndGlobalSection
	GlobalSection(SolutionProperties) = preSolution
		HideSolutionNode = FALSE
	EndGlobalSection
	GlobalSection(ExtensibilityGlobals) = postSolution
		SolutionGuid = {F97CE044-92BC-4D58-8D6A-BCAA6A76AC02}
	EndGlobalSection
EndGlobal
