
Microsoft Visual Studio Solution File, Format Version 12.00
# Visual Studio Version 17
VisualStudioVersion = 17.6.33723.286
MinimumVisualStudioVersion = 10.0.40219.1
Project("{FAE04EC0-301F-11D3-BF4B-00C04F79EFBC}") = "EFChallenge", "EFChallenge.csproj", "{92F47634-E886-4D36-AF37-02D05D063620}"
EndProject
Global
	GlobalSection(SolutionConfigurationPlatforms) = preSolution
		Debug|Any CPU = Debug|Any CPU
		Release|Any CPU = Release|Any CPU
	EndGlobalSection
	GlobalSection(ProjectConfigurationPlatforms) = postSolution
		{92F47634-E886-4D36-AF37-02D05D063620}.Debug|Any CPU.ActiveCfg = Debug|Any CPU
		{92F47634-E886-4D36-AF37-02D05D063620}.Debug|Any CPU.Build.0 = Debug|Any CPU
		{92F47634-E886-4D36-AF37-02D05D063620}.Release|Any CPU.ActiveCfg = Release|Any CPU
		{92F47634-E886-4D36-AF37-02D05D063620}.Release|Any CPU.Build.0 = Release|Any CPU
	EndGlobalSection
	GlobalSection(SolutionProperties) = preSolution
		HideSolutionNode = FALSE
	EndGlobalSection
	GlobalSection(ExtensibilityGlobals) = postSolution
		SolutionGuid = {8D0CEF88-52C1-44D4-BE6C-12874D96C8C3}
	EndGlobalSection
EndGlobal
