
Microsoft Visual Studio Solution File, Format Version 12.00
# Visual Studio Version 17
VisualStudioVersion = 17.9.34723.18
MinimumVisualStudioVersion = 10.0.40219.1
Project("{FAE04EC0-301F-11D3-BF4B-00C04F79EFBC}") = "Guess_The_Number_Program", "Guess_The_Number_Program.csproj", "{CFBC8F1D-D505-49DA-AFEC-380CBA7B9832}"
EndProject
Global
	GlobalSection(SolutionConfigurationPlatforms) = preSolution
		Debug|Any CPU = Debug|Any CPU
		Release|Any CPU = Release|Any CPU
	EndGlobalSection
	GlobalSection(ProjectConfigurationPlatforms) = postSolution
		{CFBC8F1D-D505-49DA-AFEC-380CBA7B9832}.Debug|Any CPU.ActiveCfg = Debug|Any CPU
		{CFBC8F1D-D505-49DA-AFEC-380CBA7B9832}.Debug|Any CPU.Build.0 = Debug|Any CPU
		{CFBC8F1D-D505-49DA-AFEC-380CBA7B9832}.Release|Any CPU.ActiveCfg = Release|Any CPU
		{CFBC8F1D-D505-49DA-AFEC-380CBA7B9832}.Release|Any CPU.Build.0 = Release|Any CPU
	EndGlobalSection
	GlobalSection(SolutionProperties) = preSolution
		HideSolutionNode = FALSE
	EndGlobalSection
	GlobalSection(ExtensibilityGlobals) = postSolution
		SolutionGuid = {A099E5EE-524B-4695-864A-CFAAFA0FB45A}
	EndGlobalSection
EndGlobal
