
Microsoft Visual Studio Solution File, Format Version 12.00
# Visual Studio Version 17
VisualStudioVersion = 17.9.34723.18
MinimumVisualStudioVersion = 10.0.40219.1
Project("{FAE04EC0-301F-11D3-BF4B-00C04F79EFBC}") = "Arrays_And_Loops_Program", "Arrays_And_Loops_Program.csproj", "{F4B160F1-52C6-4651-A57A-8FEC2CA1743F}"
EndProject
Global
	GlobalSection(SolutionConfigurationPlatforms) = preSolution
		Debug|Any CPU = Debug|Any CPU
		Release|Any CPU = Release|Any CPU
	EndGlobalSection
	GlobalSection(ProjectConfigurationPlatforms) = postSolution
		{F4B160F1-52C6-4651-A57A-8FEC2CA1743F}.Debug|Any CPU.ActiveCfg = Debug|Any CPU
		{F4B160F1-52C6-4651-A57A-8FEC2CA1743F}.Debug|Any CPU.Build.0 = Debug|Any CPU
		{F4B160F1-52C6-4651-A57A-8FEC2CA1743F}.Release|Any CPU.ActiveCfg = Release|Any CPU
		{F4B160F1-52C6-4651-A57A-8FEC2CA1743F}.Release|Any CPU.Build.0 = Release|Any CPU
	EndGlobalSection
	GlobalSection(SolutionProperties) = preSolution
		HideSolutionNode = FALSE
	EndGlobalSection
	GlobalSection(ExtensibilityGlobals) = postSolution
		SolutionGuid = {4EF4B5EA-E70A-487C-ABE3-352C7F25435A}
	EndGlobalSection
EndGlobal
