
Microsoft Visual Studio Solution File, Format Version 12.00
# Visual Studio Version 17
VisualStudioVersion = 17.9.34723.18
MinimumVisualStudioVersion = 10.0.40219.1
Project("{FAE04EC0-301F-11D3-BF4B-00C04F79EFBC}") = "Basic_Car_Insurance_Program", "Basic_Car_Insurance_Program.csproj", "{45F63F0B-406B-4275-81DC-7618CA96B20E}"
EndProject
Global
	GlobalSection(SolutionConfigurationPlatforms) = preSolution
		Debug|Any CPU = Debug|Any CPU
		Release|Any CPU = Release|Any CPU
	EndGlobalSection
	GlobalSection(ProjectConfigurationPlatforms) = postSolution
		{45F63F0B-406B-4275-81DC-7618CA96B20E}.Debug|Any CPU.ActiveCfg = Debug|Any CPU
		{45F63F0B-406B-4275-81DC-7618CA96B20E}.Debug|Any CPU.Build.0 = Debug|Any CPU
		{45F63F0B-406B-4275-81DC-7618CA96B20E}.Release|Any CPU.ActiveCfg = Release|Any CPU
		{45F63F0B-406B-4275-81DC-7618CA96B20E}.Release|Any CPU.Build.0 = Release|Any CPU
	EndGlobalSection
	GlobalSection(SolutionProperties) = preSolution
		HideSolutionNode = FALSE
	EndGlobalSection
	GlobalSection(ExtensibilityGlobals) = postSolution
		SolutionGuid = {2EED8500-0EA1-4856-BD51-22CF1DF9F717}
	EndGlobalSection
EndGlobal
