
Microsoft Visual Studio Solution File, Format Version 12.00
# Visual Studio Version 17
VisualStudioVersion = 17.6.33723.286
MinimumVisualStudioVersion = 10.0.40219.1
Project("{FAE04EC0-301F-11D3-BF4B-00C04F79EFBC}") = "Struct_Program", "Struct_Program.csproj", "{55111BA2-043B-4360-9C9A-F038432D8B0A}"
EndProject
Global
	GlobalSection(SolutionConfigurationPlatforms) = preSolution
		Debug|Any CPU = Debug|Any CPU
		Release|Any CPU = Release|Any CPU
	EndGlobalSection
	GlobalSection(ProjectConfigurationPlatforms) = postSolution
		{55111BA2-043B-4360-9C9A-F038432D8B0A}.Debug|Any CPU.ActiveCfg = Debug|Any CPU
		{55111BA2-043B-4360-9C9A-F038432D8B0A}.Debug|Any CPU.Build.0 = Debug|Any CPU
		{55111BA2-043B-4360-9C9A-F038432D8B0A}.Release|Any CPU.ActiveCfg = Release|Any CPU
		{55111BA2-043B-4360-9C9A-F038432D8B0A}.Release|Any CPU.Build.0 = Release|Any CPU
	EndGlobalSection
	GlobalSection(SolutionProperties) = preSolution
		HideSolutionNode = FALSE
	EndGlobalSection
	GlobalSection(ExtensibilityGlobals) = postSolution
		SolutionGuid = {2916198B-C1FB-4758-8DD8-046ACBF146C8}
	EndGlobalSection
EndGlobal
