
Microsoft Visual Studio Solution File, Format Version 12.00
# Visual Studio Version 17
VisualStudioVersion = 17.6.33723.286
MinimumVisualStudioVersion = 10.0.40219.1
Project("{FAE04EC0-301F-11D3-BF4B-00C04F79EFBC}") = "Abstract_Program", "Abstract_Program.csproj", "{C1F0885E-D42C-452F-9E5C-6A4ECB55520F}"
EndProject
Global
	GlobalSection(SolutionConfigurationPlatforms) = preSolution
		Debug|Any CPU = Debug|Any CPU
		Release|Any CPU = Release|Any CPU
	EndGlobalSection
	GlobalSection(ProjectConfigurationPlatforms) = postSolution
		{C1F0885E-D42C-452F-9E5C-6A4ECB55520F}.Debug|Any CPU.ActiveCfg = Debug|Any CPU
		{C1F0885E-D42C-452F-9E5C-6A4ECB55520F}.Debug|Any CPU.Build.0 = Debug|Any CPU
		{C1F0885E-D42C-452F-9E5C-6A4ECB55520F}.Release|Any CPU.ActiveCfg = Release|Any CPU
		{C1F0885E-D42C-452F-9E5C-6A4ECB55520F}.Release|Any CPU.Build.0 = Release|Any CPU
	EndGlobalSection
	GlobalSection(SolutionProperties) = preSolution
		HideSolutionNode = FALSE
	EndGlobalSection
	GlobalSection(ExtensibilityGlobals) = postSolution
		SolutionGuid = {53D1B25F-2CBD-456E-B6FB-7A300B22E4EF}
	EndGlobalSection
EndGlobal
