
Microsoft Visual Studio Solution File, Format Version 12.00
# Visual Studio Version 17
VisualStudioVersion = 17.9.34723.18
MinimumVisualStudioVersion = 10.0.40219.1
Project("{FAE04EC0-301F-11D3-BF4B-00C04F79EFBC}") = "Overloading_Methods_Part_2", "Overloading_Methods_Part_2.csproj", "{AB591096-3044-467A-8113-7F1CB16FEBAB}"
EndProject
Global
	GlobalSection(SolutionConfigurationPlatforms) = preSolution
		Debug|Any CPU = Debug|Any CPU
		Release|Any CPU = Release|Any CPU
	EndGlobalSection
	GlobalSection(ProjectConfigurationPlatforms) = postSolution
		{AB591096-3044-467A-8113-7F1CB16FEBAB}.Debug|Any CPU.ActiveCfg = Debug|Any CPU
		{AB591096-3044-467A-8113-7F1CB16FEBAB}.Debug|Any CPU.Build.0 = Debug|Any CPU
		{AB591096-3044-467A-8113-7F1CB16FEBAB}.Release|Any CPU.ActiveCfg = Release|Any CPU
		{AB591096-3044-467A-8113-7F1CB16FEBAB}.Release|Any CPU.Build.0 = Release|Any CPU
	EndGlobalSection
	GlobalSection(SolutionProperties) = preSolution
		HideSolutionNode = FALSE
	EndGlobalSection
	GlobalSection(ExtensibilityGlobals) = postSolution
		SolutionGuid = {94A628C2-2459-4983-9496-BFE2A08BCAC9}
	EndGlobalSection
EndGlobal
